
Microsoft Visual Studio Solution File, Format Version 12.00
# Visual Studio Version 16
VisualStudioVersion = 16.0.29613.14
MinimumVisualStudioVersion = 10.0.40219.1
Project("{2150E333-8FDC-42A3-9474-1A3956D46DE8}") = "01.单例模式", "01.单例模式", "{39749811-A56A-4D04-87E3-061C4253F5D3}"
EndProject
Project("{9A19103F-16F7-4668-BE54-9A1E7A4F7556}") = "SingletonPattern", "SingletonPattern\SingletonPattern.csproj", "{8D8F1925-AEB0-42E3-92A8-DE51A7D97FC6}"
EndProject
Project("{2150E333-8FDC-42A3-9474-1A3956D46DE8}") = "02.简单工厂模式", "02.简单工厂模式", "{D328882E-C319-4214-8B89-211504FEA1C3}"
EndProject
Project("{9A19103F-16F7-4668-BE54-9A1E7A4F7556}") = "SimpleFactoryPattern", "SimpleFactoryPattern\SimpleFactoryPattern.csproj", "{944C2A1A-2E43-4319-BBDD-9725675FE4C3}"
EndProject
Project("{2150E333-8FDC-42A3-9474-1A3956D46DE8}") = "03.工厂方法模式", "03.工厂方法模式", "{E71070A4-DE13-461D-BF3C-47E340ED0ED7}"
EndProject
Project("{9A19103F-16F7-4668-BE54-9A1E7A4F7556}") = "FactoryMethodPattern", "FactoryMethodPattern\FactoryMethodPattern.csproj", "{FA4010E7-EC5A-48B3-B0E9-6448A9AE269A}"
EndProject
Project("{2150E333-8FDC-42A3-9474-1A3956D46DE8}") = "04.抽象工厂模式", "04.抽象工厂模式", "{F2C79AAB-2066-44A3-B387-DC4F5DBB2D94}"
EndProject
Project("{9A19103F-16F7-4668-BE54-9A1E7A4F7556}") = "AbstractFactoryPattern", "AbstractFactoryPattern\AbstractFactoryPattern.csproj", "{08088997-8B93-40E4-B8F6-056D0CDE5257}"
EndProject
Project("{2150E333-8FDC-42A3-9474-1A3956D46DE8}") = "05.建造者模式", "05.建造者模式", "{B8E041BF-50A5-4BB6-A5F0-61992BB2EC26}"
EndProject
Project("{9A19103F-16F7-4668-BE54-9A1E7A4F7556}") = "BuilderPattern", "BuilderPattern\BuilderPattern.csproj", "{39F76E51-B190-4F60-A7D4-C9E2D9ABF2B4}"
EndProject
Project("{2150E333-8FDC-42A3-9474-1A3956D46DE8}") = "06.原型模式", "06.原型模式", "{31DE8704-FDFF-4CBA-BA3F-9E70DC6C7528}"
EndProject
Project("{9A19103F-16F7-4668-BE54-9A1E7A4F7556}") = "PrototypePattern", "PrototypePattern\PrototypePattern.csproj", "{72B43A29-DD54-45FF-948B-F5170E4E2C43}"
EndProject
Project("{2150E333-8FDC-42A3-9474-1A3956D46DE8}") = "07.适配器模式", "07.适配器模式", "{D8239A9D-D3FC-49FB-A583-4BA73878DA84}"
EndProject
Project("{9A19103F-16F7-4668-BE54-9A1E7A4F7556}") = "AdapterPattern", "AdapterPattern\AdapterPattern.csproj", "{D0304681-A945-4A0F-BD9D-ECC7CE35691A}"
EndProject
Project("{2150E333-8FDC-42A3-9474-1A3956D46DE8}") = "08.桥接模式", "08.桥接模式", "{61259AA5-223E-441E-B66C-C3D420B5F5EE}"
EndProject
Project("{9A19103F-16F7-4668-BE54-9A1E7A4F7556}") = "BridgePattern", "BridgePattern\BridgePattern.csproj", "{66BD25AC-AACE-4CD3-A48B-E5C80E02C45B}"
EndProject
Project("{2150E333-8FDC-42A3-9474-1A3956D46DE8}") = "09.装饰者模式", "09.装饰者模式", "{FAA6C1E9-5745-4144-B6EA-4807116781AA}"
EndProject
Project("{FAE04EC0-301F-11D3-BF4B-00C04F79EFBC}") = "DecoratorPattern", "DecoratorPattern\DecoratorPattern.csproj", "{20618A8E-4ECD-4BC9-92EE-6A03EE4DEDAA}"
EndProject
Global
	GlobalSection(SolutionConfigurationPlatforms) = preSolution
		Debug|Any CPU = Debug|Any CPU
		Release|Any CPU = Release|Any CPU
	EndGlobalSection
	GlobalSection(ProjectConfigurationPlatforms) = postSolution
		{8D8F1925-AEB0-42E3-92A8-DE51A7D97FC6}.Debug|Any CPU.ActiveCfg = Debug|Any CPU
		{8D8F1925-AEB0-42E3-92A8-DE51A7D97FC6}.Debug|Any CPU.Build.0 = Debug|Any CPU
		{8D8F1925-AEB0-42E3-92A8-DE51A7D97FC6}.Release|Any CPU.ActiveCfg = Release|Any CPU
		{8D8F1925-AEB0-42E3-92A8-DE51A7D97FC6}.Release|Any CPU.Build.0 = Release|Any CPU
		{944C2A1A-2E43-4319-BBDD-9725675FE4C3}.Debug|Any CPU.ActiveCfg = Debug|Any CPU
		{944C2A1A-2E43-4319-BBDD-9725675FE4C3}.Debug|Any CPU.Build.0 = Debug|Any CPU
		{944C2A1A-2E43-4319-BBDD-9725675FE4C3}.Release|Any CPU.ActiveCfg = Release|Any CPU
		{944C2A1A-2E43-4319-BBDD-9725675FE4C3}.Release|Any CPU.Build.0 = Release|Any CPU
		{FA4010E7-EC5A-48B3-B0E9-6448A9AE269A}.Debug|Any CPU.ActiveCfg = Debug|Any CPU
		{FA4010E7-EC5A-48B3-B0E9-6448A9AE269A}.Debug|Any CPU.Build.0 = Debug|Any CPU
		{FA4010E7-EC5A-48B3-B0E9-6448A9AE269A}.Release|Any CPU.ActiveCfg = Release|Any CPU
		{FA4010E7-EC5A-48B3-B0E9-6448A9AE269A}.Release|Any CPU.Build.0 = Release|Any CPU
		{08088997-8B93-40E4-B8F6-056D0CDE5257}.Debug|Any CPU.ActiveCfg = Debug|Any CPU
		{08088997-8B93-40E4-B8F6-056D0CDE5257}.Debug|Any CPU.Build.0 = Debug|Any CPU
		{08088997-8B93-40E4-B8F6-056D0CDE5257}.Release|Any CPU.ActiveCfg = Release|Any CPU
		{08088997-8B93-40E4-B8F6-056D0CDE5257}.Release|Any CPU.Build.0 = Release|Any CPU
		{39F76E51-B190-4F60-A7D4-C9E2D9ABF2B4}.Debug|Any CPU.ActiveCfg = Debug|Any CPU
		{39F76E51-B190-4F60-A7D4-C9E2D9ABF2B4}.Debug|Any CPU.Build.0 = Debug|Any CPU
		{39F76E51-B190-4F60-A7D4-C9E2D9ABF2B4}.Release|Any CPU.ActiveCfg = Release|Any CPU
		{39F76E51-B190-4F60-A7D4-C9E2D9ABF2B4}.Release|Any CPU.Build.0 = Release|Any CPU
		{72B43A29-DD54-45FF-948B-F5170E4E2C43}.Debug|Any CPU.ActiveCfg = Debug|Any CPU
		{72B43A29-DD54-45FF-948B-F5170E4E2C43}.Debug|Any CPU.Build.0 = Debug|Any CPU
		{72B43A29-DD54-45FF-948B-F5170E4E2C43}.Release|Any CPU.ActiveCfg = Release|Any CPU
		{72B43A29-DD54-45FF-948B-F5170E4E2C43}.Release|Any CPU.Build.0 = Release|Any CPU
		{D0304681-A945-4A0F-BD9D-ECC7CE35691A}.Debug|Any CPU.ActiveCfg = Debug|Any CPU
		{D0304681-A945-4A0F-BD9D-ECC7CE35691A}.Debug|Any CPU.Build.0 = Debug|Any CPU
		{D0304681-A945-4A0F-BD9D-ECC7CE35691A}.Release|Any CPU.ActiveCfg = Release|Any CPU
		{D0304681-A945-4A0F-BD9D-ECC7CE35691A}.Release|Any CPU.Build.0 = Release|Any CPU
		{66BD25AC-AACE-4CD3-A48B-E5C80E02C45B}.Debug|Any CPU.ActiveCfg = Debug|Any CPU
		{66BD25AC-AACE-4CD3-A48B-E5C80E02C45B}.Debug|Any CPU.Build.0 = Debug|Any CPU
		{66BD25AC-AACE-4CD3-A48B-E5C80E02C45B}.Release|Any CPU.ActiveCfg = Release|Any CPU
		{66BD25AC-AACE-4CD3-A48B-E5C80E02C45B}.Release|Any CPU.Build.0 = Release|Any CPU
		{20618A8E-4ECD-4BC9-92EE-6A03EE4DEDAA}.Debug|Any CPU.ActiveCfg = Debug|Any CPU
		{20618A8E-4ECD-4BC9-92EE-6A03EE4DEDAA}.Debug|Any CPU.Build.0 = Debug|Any CPU
		{20618A8E-4ECD-4BC9-92EE-6A03EE4DEDAA}.Release|Any CPU.ActiveCfg = Release|Any CPU
		{20618A8E-4ECD-4BC9-92EE-6A03EE4DEDAA}.Release|Any CPU.Build.0 = Release|Any CPU
	EndGlobalSection
	GlobalSection(SolutionProperties) = preSolution
		HideSolutionNode = FALSE
	EndGlobalSection
	GlobalSection(NestedProjects) = preSolution
		{8D8F1925-AEB0-42E3-92A8-DE51A7D97FC6} = {39749811-A56A-4D04-87E3-061C4253F5D3}
		{944C2A1A-2E43-4319-BBDD-9725675FE4C3} = {D328882E-C319-4214-8B89-211504FEA1C3}
		{FA4010E7-EC5A-48B3-B0E9-6448A9AE269A} = {E71070A4-DE13-461D-BF3C-47E340ED0ED7}
		{08088997-8B93-40E4-B8F6-056D0CDE5257} = {F2C79AAB-2066-44A3-B387-DC4F5DBB2D94}
		{39F76E51-B190-4F60-A7D4-C9E2D9ABF2B4} = {B8E041BF-50A5-4BB6-A5F0-61992BB2EC26}
		{72B43A29-DD54-45FF-948B-F5170E4E2C43} = {31DE8704-FDFF-4CBA-BA3F-9E70DC6C7528}
		{D0304681-A945-4A0F-BD9D-ECC7CE35691A} = {D8239A9D-D3FC-49FB-A583-4BA73878DA84}
		{66BD25AC-AACE-4CD3-A48B-E5C80E02C45B} = {61259AA5-223E-441E-B66C-C3D420B5F5EE}
		{20618A8E-4ECD-4BC9-92EE-6A03EE4DEDAA} = {FAA6C1E9-5745-4144-B6EA-4807116781AA}
	EndGlobalSection
	GlobalSection(ExtensibilityGlobals) = postSolution
		SolutionGuid = {3D37ECDA-AD54-4460-8FB7-1F4CE4D231D7}
	EndGlobalSection
EndGlobal
